
Microsoft Visual Studio Solution File, Format Version 12.00
# Visual Studio Version 16
VisualStudioVersion = 16.0.31702.278
MinimumVisualStudioVersion = 10.0.40219.1
Project("{FAE04EC0-301F-11D3-BF4B-00C04F79EFBC}") = "onlineShop", "onlineShop\onlineShop.csproj", "{18B9BB2E-B312-4166-8F21-8D7C3930C2ED}"
EndProject
Global
	GlobalSection(SolutionConfigurationPlatforms) = preSolution
		Debug|Any CPU = Debug|Any CPU
		Release|Any CPU = Release|Any CPU
	EndGlobalSection
	GlobalSection(ProjectConfigurationPlatforms) = postSolution
		{18B9BB2E-B312-4166-8F21-8D7C3930C2ED}.Debug|Any CPU.ActiveCfg = Debug|Any CPU
		{18B9BB2E-B312-4166-8F21-8D7C3930C2ED}.Debug|Any CPU.Build.0 = Debug|Any CPU
		{18B9BB2E-B312-4166-8F21-8D7C3930C2ED}.Release|Any CPU.ActiveCfg = Release|Any CPU
		{18B9BB2E-B312-4166-8F21-8D7C3930C2ED}.Release|Any CPU.Build.0 = Release|Any CPU
	EndGlobalSection
	GlobalSection(SolutionProperties) = preSolution
		HideSolutionNode = FALSE
	EndGlobalSection
	GlobalSection(ExtensibilityGlobals) = postSolution
		SolutionGuid = {61DECDFE-FFA6-4CE4-B917-CBD741583026}
	EndGlobalSection
EndGlobal
