
Microsoft Visual Studio Solution File, Format Version 12.00
# Visual Studio Version 16
VisualStudioVersion = 16.0.31702.278
MinimumVisualStudioVersion = 10.0.40219.1
Project("{FAE04EC0-301F-11D3-BF4B-00C04F79EFBC}") = "onlineSite", "onlineSite\onlineSite.csproj", "{A5C890E7-784A-4F4E-A2E9-4D96DA55DF16}"
EndProject
Global
	GlobalSection(SolutionConfigurationPlatforms) = preSolution
		Debug|Any CPU = Debug|Any CPU
		Release|Any CPU = Release|Any CPU
	EndGlobalSection
	GlobalSection(ProjectConfigurationPlatforms) = postSolution
		{A5C890E7-784A-4F4E-A2E9-4D96DA55DF16}.Debug|Any CPU.ActiveCfg = Debug|Any CPU
		{A5C890E7-784A-4F4E-A2E9-4D96DA55DF16}.Debug|Any CPU.Build.0 = Debug|Any CPU
		{A5C890E7-784A-4F4E-A2E9-4D96DA55DF16}.Release|Any CPU.ActiveCfg = Release|Any CPU
		{A5C890E7-784A-4F4E-A2E9-4D96DA55DF16}.Release|Any CPU.Build.0 = Release|Any CPU
	EndGlobalSection
	GlobalSection(SolutionProperties) = preSolution
		HideSolutionNode = FALSE
	EndGlobalSection
	GlobalSection(ExtensibilityGlobals) = postSolution
		SolutionGuid = {CE7C81DF-0F64-4D38-AD79-399163CEE1BE}
	EndGlobalSection
EndGlobal
