
Microsoft Visual Studio Solution File, Format Version 12.00
# Visual Studio Version 16
VisualStudioVersion = 16.0.31702.278
MinimumVisualStudioVersion = 10.0.40219.1
Project("{FAE04EC0-301F-11D3-BF4B-00C04F79EFBC}") = "aspProjects", "aspProjects\aspProjects.csproj", "{1CD984E6-F9F4-4162-9D1A-6569F9254E3D}"
EndProject
Global
	GlobalSection(SolutionConfigurationPlatforms) = preSolution
		Debug|Any CPU = Debug|Any CPU
		Release|Any CPU = Release|Any CPU
	EndGlobalSection
	GlobalSection(ProjectConfigurationPlatforms) = postSolution
		{1CD984E6-F9F4-4162-9D1A-6569F9254E3D}.Debug|Any CPU.ActiveCfg = Debug|Any CPU
		{1CD984E6-F9F4-4162-9D1A-6569F9254E3D}.Debug|Any CPU.Build.0 = Debug|Any CPU
		{1CD984E6-F9F4-4162-9D1A-6569F9254E3D}.Release|Any CPU.ActiveCfg = Release|Any CPU
		{1CD984E6-F9F4-4162-9D1A-6569F9254E3D}.Release|Any CPU.Build.0 = Release|Any CPU
	EndGlobalSection
	GlobalSection(SolutionProperties) = preSolution
		HideSolutionNode = FALSE
	EndGlobalSection
	GlobalSection(ExtensibilityGlobals) = postSolution
		SolutionGuid = {B803D25C-3B75-47A9-9A47-794F7BA33E4E}
	EndGlobalSection
EndGlobal
