
Microsoft Visual Studio Solution File, Format Version 12.00
# Visual Studio Version 16
VisualStudioVersion = 16.0.31702.278
MinimumVisualStudioVersion = 10.0.40219.1
Project("{FAE04EC0-301F-11D3-BF4B-00C04F79EFBC}") = "tipl_API", "tipl_API\tipl_API.csproj", "{4D995080-3DA5-4C21-82C8-3BC0CCB766D9}"
EndProject
Project("{FAE04EC0-301F-11D3-BF4B-00C04F79EFBC}") = "MVC", "MVC\MVC.csproj", "{345841B8-48E6-426D-9A59-354D41E7FE95}"
EndProject
Global
	GlobalSection(SolutionConfigurationPlatforms) = preSolution
		Debug|Any CPU = Debug|Any CPU
		Release|Any CPU = Release|Any CPU
	EndGlobalSection
	GlobalSection(ProjectConfigurationPlatforms) = postSolution
		{4D995080-3DA5-4C21-82C8-3BC0CCB766D9}.Debug|Any CPU.ActiveCfg = Debug|Any CPU
		{4D995080-3DA5-4C21-82C8-3BC0CCB766D9}.Debug|Any CPU.Build.0 = Debug|Any CPU
		{4D995080-3DA5-4C21-82C8-3BC0CCB766D9}.Release|Any CPU.ActiveCfg = Release|Any CPU
		{4D995080-3DA5-4C21-82C8-3BC0CCB766D9}.Release|Any CPU.Build.0 = Release|Any CPU
		{345841B8-48E6-426D-9A59-354D41E7FE95}.Debug|Any CPU.ActiveCfg = Debug|Any CPU
		{345841B8-48E6-426D-9A59-354D41E7FE95}.Debug|Any CPU.Build.0 = Debug|Any CPU
		{345841B8-48E6-426D-9A59-354D41E7FE95}.Release|Any CPU.ActiveCfg = Release|Any CPU
		{345841B8-48E6-426D-9A59-354D41E7FE95}.Release|Any CPU.Build.0 = Release|Any CPU
	EndGlobalSection
	GlobalSection(SolutionProperties) = preSolution
		HideSolutionNode = FALSE
	EndGlobalSection
	GlobalSection(ExtensibilityGlobals) = postSolution
		SolutionGuid = {9E1B5E68-2F3E-4D60-930E-48BF35109EEE}
	EndGlobalSection
EndGlobal
