
Microsoft Visual Studio Solution File, Format Version 12.00
# Visual Studio Version 16
VisualStudioVersion = 16.0.31702.278
MinimumVisualStudioVersion = 10.0.40219.1
Project("{FAE04EC0-301F-11D3-BF4B-00C04F79EFBC}") = "login", "login\login.csproj", "{AA9DD965-7D84-4C52-9CBE-671BB7610E33}"
EndProject
Global
	GlobalSection(SolutionConfigurationPlatforms) = preSolution
		Debug|Any CPU = Debug|Any CPU
		Release|Any CPU = Release|Any CPU
	EndGlobalSection
	GlobalSection(ProjectConfigurationPlatforms) = postSolution
		{AA9DD965-7D84-4C52-9CBE-671BB7610E33}.Debug|Any CPU.ActiveCfg = Debug|Any CPU
		{AA9DD965-7D84-4C52-9CBE-671BB7610E33}.Debug|Any CPU.Build.0 = Debug|Any CPU
		{AA9DD965-7D84-4C52-9CBE-671BB7610E33}.Release|Any CPU.ActiveCfg = Release|Any CPU
		{AA9DD965-7D84-4C52-9CBE-671BB7610E33}.Release|Any CPU.Build.0 = Release|Any CPU
	EndGlobalSection
	GlobalSection(SolutionProperties) = preSolution
		HideSolutionNode = FALSE
	EndGlobalSection
	GlobalSection(ExtensibilityGlobals) = postSolution
		SolutionGuid = {0EAB8F84-A053-440A-8DA4-845AAD270581}
	EndGlobalSection
EndGlobal
