
Microsoft Visual Studio Solution File, Format Version 12.00
# Visual Studio Version 16
VisualStudioVersion = 16.0.31702.278
MinimumVisualStudioVersion = 10.0.40219.1
Project("{FAE04EC0-301F-11D3-BF4B-00C04F79EFBC}") = "loginMVC", "loginMVC\loginMVC.csproj", "{0A429E01-C5FE-4A5F-863F-C64AA66877B4}"
EndProject
Global
	GlobalSection(SolutionConfigurationPlatforms) = preSolution
		Debug|Any CPU = Debug|Any CPU
		Release|Any CPU = Release|Any CPU
	EndGlobalSection
	GlobalSection(ProjectConfigurationPlatforms) = postSolution
		{0A429E01-C5FE-4A5F-863F-C64AA66877B4}.Debug|Any CPU.ActiveCfg = Debug|Any CPU
		{0A429E01-C5FE-4A5F-863F-C64AA66877B4}.Debug|Any CPU.Build.0 = Debug|Any CPU
		{0A429E01-C5FE-4A5F-863F-C64AA66877B4}.Release|Any CPU.ActiveCfg = Release|Any CPU
		{0A429E01-C5FE-4A5F-863F-C64AA66877B4}.Release|Any CPU.Build.0 = Release|Any CPU
	EndGlobalSection
	GlobalSection(SolutionProperties) = preSolution
		HideSolutionNode = FALSE
	EndGlobalSection
	GlobalSection(ExtensibilityGlobals) = postSolution
		SolutionGuid = {2A35CCE9-E9D0-4BF7-AF6A-13F22E64CBF6}
	EndGlobalSection
EndGlobal
